
Microsoft Visual Studio Solution File, Format Version 12.00
# Visual Studio Version 16
VisualStudioVersion = 16.0.30717.126
MinimumVisualStudioVersion = 10.0.40219.1
Project("{FAE04EC0-301F-11D3-BF4B-00C04F79EFBC}") = "BulletinBoardTest", "BulletinBoardTest\BulletinBoardTest.csproj", "{C948C888-7510-4039-8AC6-DBDDF39F18C7}"
EndProject
Global
	GlobalSection(SolutionConfigurationPlatforms) = preSolution
		Debug|Any CPU = Debug|Any CPU
		Release|Any CPU = Release|Any CPU
	EndGlobalSection
	GlobalSection(ProjectConfigurationPlatforms) = postSolution
		{C948C888-7510-4039-8AC6-DBDDF39F18C7}.Debug|Any CPU.ActiveCfg = Debug|Any CPU
		{C948C888-7510-4039-8AC6-DBDDF39F18C7}.Debug|Any CPU.Build.0 = Debug|Any CPU
		{C948C888-7510-4039-8AC6-DBDDF39F18C7}.Release|Any CPU.ActiveCfg = Release|Any CPU
		{C948C888-7510-4039-8AC6-DBDDF39F18C7}.Release|Any CPU.Build.0 = Release|Any CPU
	EndGlobalSection
	GlobalSection(SolutionProperties) = preSolution
		HideSolutionNode = FALSE
	EndGlobalSection
	GlobalSection(ExtensibilityGlobals) = postSolution
		SolutionGuid = {258C6724-AF72-4EF6-8DD0-3ED6B57DA721}
	EndGlobalSection
EndGlobal
